// !$*UTF8*$!
{
	archiveVersion = 1;
	classes = {
	};
	objectVersion = 50;
	objects = {

/* Begin PBXBuildFile section */
		7110B133217876FE00B7D525 /* ChartController.swift in Sources */ = {isa = PBXBuildFile; fileRef = 7110B132217876FE00B7D525 /* ChartController.swift */; };
		7110B1352178783300B7D525 /* ChartCell.swift in Sources */ = {isa = PBXBuildFile; fileRef = 7110B1342178783300B7D525 /* ChartCell.swift */; };
		7110B13721787DA600B7D525 /* ChartGroup.swift in Sources */ = {isa = PBXBuildFile; fileRef = 7110B13621787DA600B7D525 /* ChartGroup.swift */; };
		714B5594217839420005C2FE /* InModel.plist in Resources */ = {isa = PBXBuildFile; fileRef = 714B5593217839420005C2FE /* InModel.plist */; };
		714B559621783C900005C2FE /* AddCountView.swift in Sources */ = {isa = PBXBuildFile; fileRef = 714B559521783C900005C2FE /* AddCountView.swift */; };
		714B559821783C9A0005C2FE /* AddCountView.xib in Resources */ = {isa = PBXBuildFile; fileRef = 714B559721783C9A0005C2FE /* AddCountView.xib */; };
		714EDB7B217F120600D4B6EA /* AddButton.swift in Sources */ = {isa = PBXBuildFile; fileRef = 714EDB7A217F120600D4B6EA /* AddButton.swift */; };
		7172B7912181BC3F007E6668 /* SkinCell.swift in Sources */ = {isa = PBXBuildFile; fileRef = 7172B7902181BC3F007E6668 /* SkinCell.swift */; };
		7172B7932181BC8D007E6668 /* SkinController.swift in Sources */ = {isa = PBXBuildFile; fileRef = 7172B7922181BC8D007E6668 /* SkinController.swift */; };
		7187FCCD218AC82700E84F7F /* TabBarController.swift in Sources */ = {isa = PBXBuildFile; fileRef = 7187FCCC218AC82700E84F7F /* TabBarController.swift */; };
		7198D1FC21830D800025BE62 /* UserTool.swift in Sources */ = {isa = PBXBuildFile; fileRef = 7198D1FB21830D800025BE62 /* UserTool.swift */; };
		7198D1FE21830E7A0025BE62 /* User.swift in Sources */ = {isa = PBXBuildFile; fileRef = 7198D1FD21830E7A0025BE62 /* User.swift */; };
		7199275C218C3471002AB897 /* MineArrawCell.swift in Sources */ = {isa = PBXBuildFile; fileRef = 7199275B218C3471002AB897 /* MineArrawCell.swift */; };
		7199275E218C3488002AB897 /* MineSwithCell.swift in Sources */ = {isa = PBXBuildFile; fileRef = 7199275D218C3488002AB897 /* MineSwithCell.swift */; };
		71992760218C36AF002AB897 /* SetModel.swift in Sources */ = {isa = PBXBuildFile; fileRef = 7199275F218C36AF002AB897 /* SetModel.swift */; };
		719BBD452176D0D200A2096E /* BillGroup.swift in Sources */ = {isa = PBXBuildFile; fileRef = 719BBD442176D0D200A2096E /* BillGroup.swift */; };
		719BBD472176EA4100A2096E /* AddBillController.swift in Sources */ = {isa = PBXBuildFile; fileRef = 719BBD462176EA4100A2096E /* AddBillController.swift */; };
		719BBD4921770D2B00A2096E /* CButton.swift in Sources */ = {isa = PBXBuildFile; fileRef = 719BBD4821770D2B00A2096E /* CButton.swift */; };
		719BBD4B21770D3700A2096E /* CButton.xib in Resources */ = {isa = PBXBuildFile; fileRef = 719BBD4A21770D3700A2096E /* CButton.xib */; };
		719BBD6F217735B300A2096E /* OutModel.plist in Resources */ = {isa = PBXBuildFile; fileRef = 719BBD6E217735B300A2096E /* OutModel.plist */; };
		719BBD7121773A1D00A2096E /* CBModel.swift in Sources */ = {isa = PBXBuildFile; fileRef = 719BBD7021773A1D00A2096E /* CBModel.swift */; };
		719BFAFF219009CB006EBAE3 /* MineLogOutCell.swift in Sources */ = {isa = PBXBuildFile; fileRef = 719BFAFE219009CB006EBAE3 /* MineLogOutCell.swift */; };
		719BFB01219031B8006EBAE3 /* AboutUsController.swift in Sources */ = {isa = PBXBuildFile; fileRef = 719BFB00219031B8006EBAE3 /* AboutUsController.swift */; };
		71B8D2E42179D21B003B00E0 /* ChartMoreController.swift in Sources */ = {isa = PBXBuildFile; fileRef = 71B8D2E32179D21B003B00E0 /* ChartMoreController.swift */; };
		71B8D2E62179D242003B00E0 /* ChartMoreCell.swift in Sources */ = {isa = PBXBuildFile; fileRef = 71B8D2E52179D242003B00E0 /* ChartMoreCell.swift */; };
		71BA289A2180141200DF5AA9 /* SVTool.swift in Sources */ = {isa = PBXBuildFile; fileRef = 71BA28992180141200DF5AA9 /* SVTool.swift */; };
		71BA289C21803CB800DF5AA9 /* PieViewController.swift in Sources */ = {isa = PBXBuildFile; fileRef = 71BA289B21803CB800DF5AA9 /* PieViewController.swift */; };
		71BA289E21804A7000DF5AA9 /* NavigationController.swift in Sources */ = {isa = PBXBuildFile; fileRef = 71BA289D21804A7000DF5AA9 /* NavigationController.swift */; };
		71BA28A421805AB700DF5AA9 /* MineController.swift in Sources */ = {isa = PBXBuildFile; fileRef = 71BA28A321805AB700DF5AA9 /* MineController.swift */; };
		71DDD3DA212D31ED002FF09F /* AppDelegate.swift in Sources */ = {isa = PBXBuildFile; fileRef = 71DDD3D9212D31ED002FF09F /* AppDelegate.swift */; };
		71DDD3DC212D31ED002FF09F /* ViewController.swift in Sources */ = {isa = PBXBuildFile; fileRef = 71DDD3DB212D31ED002FF09F /* ViewController.swift */; };
		71DDD3DF212D31ED002FF09F /* Main.storyboard in Resources */ = {isa = PBXBuildFile; fileRef = 71DDD3DD212D31ED002FF09F /* Main.storyboard */; };
		71DDD3E1212D31EE002FF09F /* Assets.xcassets in Resources */ = {isa = PBXBuildFile; fileRef = 71DDD3E0212D31EE002FF09F /* Assets.xcassets */; };
		71DDD3E4212D31EE002FF09F /* LaunchScreen.storyboard in Resources */ = {isa = PBXBuildFile; fileRef = 71DDD3E2212D31EE002FF09F /* LaunchScreen.storyboard */; };
		71DDD3EC212D3355002FF09F /* Cat.swift in Sources */ = {isa = PBXBuildFile; fileRef = 71DDD3EB212D3355002FF09F /* Cat.swift */; };
		71DDD3EE212D343B002FF09F /* DataTool.swift in Sources */ = {isa = PBXBuildFile; fileRef = 71DDD3ED212D343B002FF09F /* DataTool.swift */; };
		71DDD3F6212D4CAA002FF09F /* DetailController.swift in Sources */ = {isa = PBXBuildFile; fileRef = 71DDD3F5212D4CAA002FF09F /* DetailController.swift */; };
		71DDD3F8212D5384002FF09F /* Bill.swift in Sources */ = {isa = PBXBuildFile; fileRef = 71DDD3F7212D5384002FF09F /* Bill.swift */; };
		71DDD3FB212D5CA2002FF09F /* DetailCell.swift in Sources */ = {isa = PBXBuildFile; fileRef = 71DDD3F9212D5CA2002FF09F /* DetailCell.swift */; };
		71DDD3FC212D5CA2002FF09F /* DetailCell.xib in Resources */ = {isa = PBXBuildFile; fileRef = 71DDD3FA212D5CA2002FF09F /* DetailCell.xib */; };
		71DDD3FE212D6206002FF09F /* DetailHeader.swift in Sources */ = {isa = PBXBuildFile; fileRef = 71DDD3FD212D6206002FF09F /* DetailHeader.swift */; };
		71DDD400212D6210002FF09F /* DetailHeader.xib in Resources */ = {isa = PBXBuildFile; fileRef = 71DDD3FF212D6210002FF09F /* DetailHeader.xib */; };
		71DEFE57219139CD009D1D04 /* OpinionController.swift in Sources */ = {isa = PBXBuildFile; fileRef = 71DEFE56219139CD009D1D04 /* OpinionController.swift */; };
		71E97C6B2182DC1700F73BCF /* LoginController.swift in Sources */ = {isa = PBXBuildFile; fileRef = 71E97C6A2182DC1700F73BCF /* LoginController.swift */; };
		71E97C6D2182E5CB00F73BCF /* RegisterController.swift in Sources */ = {isa = PBXBuildFile; fileRef = 71E97C6C2182E5CB00F73BCF /* RegisterController.swift */; };
		71F642B0212E47E000533FF0 /* SystemExtention.swift in Sources */ = {isa = PBXBuildFile; fileRef = 71F642AF212E47E000533FF0 /* SystemExtention.swift */; };
		71F642B2212E495D00533FF0 /* DatePickView.swift in Sources */ = {isa = PBXBuildFile; fileRef = 71F642B1212E495D00533FF0 /* DatePickView.swift */; };
		71F642B4212E496700533FF0 /* DatePickView.xib in Resources */ = {isa = PBXBuildFile; fileRef = 71F642B3212E496700533FF0 /* DatePickView.xib */; };
		71F642B6212E5BD500533FF0 /* SystemTool.swift in Sources */ = {isa = PBXBuildFile; fileRef = 71F642B5212E5BD500533FF0 /* SystemTool.swift */; };
		FC36CC01111F4A7EBD3E4D5E /* Pods_Bill.framework in Frameworks */ = {isa = PBXBuildFile; fileRef = E553AC66CB41C53CAE7C3614 /* Pods_Bill.framework */; };
/* End PBXBuildFile section */

/* Begin PBXFileReference section */
		7110B132217876FE00B7D525 /* ChartController.swift */ = {isa = PBXFileReference; lastKnownFileType = sourcecode.swift; path = ChartController.swift; sourceTree = "<group>"; };
		7110B1342178783300B7D525 /* ChartCell.swift */ = {isa = PBXFileReference; lastKnownFileType = sourcecode.swift; path = ChartCell.swift; sourceTree = "<group>"; };
		7110B13621787DA600B7D525 /* ChartGroup.swift */ = {isa = PBXFileReference; lastKnownFileType = sourcecode.swift; path = ChartGroup.swift; sourceTree = "<group>"; };
		714B5593217839420005C2FE /* InModel.plist */ = {isa = PBXFileReference; fileEncoding = 4; lastKnownFileType = text.plist.xml; path = InModel.plist; sourceTree = "<group>"; };
		714B559521783C900005C2FE /* AddCountView.swift */ = {isa = PBXFileReference; lastKnownFileType = sourcecode.swift; path = AddCountView.swift; sourceTree = "<group>"; };
		714B559721783C9A0005C2FE /* AddCountView.xib */ = {isa = PBXFileReference; lastKnownFileType = file.xib; path = AddCountView.xib; sourceTree = "<group>"; };
		714EDB7A217F120600D4B6EA /* AddButton.swift */ = {isa = PBXFileReference; lastKnownFileType = sourcecode.swift; path = AddButton.swift; sourceTree = "<group>"; };
		7172B7902181BC3F007E6668 /* SkinCell.swift */ = {isa = PBXFileReference; lastKnownFileType = sourcecode.swift; path = SkinCell.swift; sourceTree = "<group>"; };
		7172B7922181BC8D007E6668 /* SkinController.swift */ = {isa = PBXFileReference; lastKnownFileType = sourcecode.swift; path = SkinController.swift; sourceTree = "<group>"; };
		7187FCCC218AC82700E84F7F /* TabBarController.swift */ = {isa = PBXFileReference; lastKnownFileType = sourcecode.swift; path = TabBarController.swift; sourceTree = "<group>"; };
		7198D1FB21830D800025BE62 /* UserTool.swift */ = {isa = PBXFileReference; lastKnownFileType = sourcecode.swift; path = UserTool.swift; sourceTree = "<group>"; };
		7198D1FD21830E7A0025BE62 /* User.swift */ = {isa = PBXFileReference; lastKnownFileType = sourcecode.swift; path = User.swift; sourceTree = "<group>"; };
		7199275B218C3471002AB897 /* MineArrawCell.swift */ = {isa = PBXFileReference; lastKnownFileType = sourcecode.swift; path = MineArrawCell.swift; sourceTree = "<group>"; };
		7199275D218C3488002AB897 /* MineSwithCell.swift */ = {isa = PBXFileReference; lastKnownFileType = sourcecode.swift; path = MineSwithCell.swift; sourceTree = "<group>"; };
		7199275F218C36AF002AB897 /* SetModel.swift */ = {isa = PBXFileReference; lastKnownFileType = sourcecode.swift; path = SetModel.swift; sourceTree = "<group>"; };
		719BBD442176D0D200A2096E /* BillGroup.swift */ = {isa = PBXFileReference; lastKnownFileType = sourcecode.swift; path = BillGroup.swift; sourceTree = "<group>"; };
		719BBD462176EA4100A2096E /* AddBillController.swift */ = {isa = PBXFileReference; lastKnownFileType = sourcecode.swift; path = AddBillController.swift; sourceTree = "<group>"; };
		719BBD4821770D2B00A2096E /* CButton.swift */ = {isa = PBXFileReference; lastKnownFileType = sourcecode.swift; path = CButton.swift; sourceTree = "<group>"; };
		719BBD4A21770D3700A2096E /* CButton.xib */ = {isa = PBXFileReference; lastKnownFileType = file.xib; path = CButton.xib; sourceTree = "<group>"; };
		719BBD6E217735B300A2096E /* OutModel.plist */ = {isa = PBXFileReference; lastKnownFileType = text.plist.xml; path = OutModel.plist; sourceTree = "<group>"; };
		719BBD7021773A1D00A2096E /* CBModel.swift */ = {isa = PBXFileReference; lastKnownFileType = sourcecode.swift; path = CBModel.swift; sourceTree = "<group>"; };
		719BFAFE219009CB006EBAE3 /* MineLogOutCell.swift */ = {isa = PBXFileReference; lastKnownFileType = sourcecode.swift; path = MineLogOutCell.swift; sourceTree = "<group>"; };
		719BFB00219031B8006EBAE3 /* AboutUsController.swift */ = {isa = PBXFileReference; lastKnownFileType = sourcecode.swift; path = AboutUsController.swift; sourceTree = "<group>"; };
		71B8D2E32179D21B003B00E0 /* ChartMoreController.swift */ = {isa = PBXFileReference; lastKnownFileType = sourcecode.swift; path = ChartMoreController.swift; sourceTree = "<group>"; };
		71B8D2E52179D242003B00E0 /* ChartMoreCell.swift */ = {isa = PBXFileReference; lastKnownFileType = sourcecode.swift; path = ChartMoreCell.swift; sourceTree = "<group>"; };
		71BA28992180141200DF5AA9 /* SVTool.swift */ = {isa = PBXFileReference; lastKnownFileType = sourcecode.swift; path = SVTool.swift; sourceTree = "<group>"; };
		71BA289B21803CB800DF5AA9 /* PieViewController.swift */ = {isa = PBXFileReference; lastKnownFileType = sourcecode.swift; path = PieViewController.swift; sourceTree = "<group>"; };
		71BA289D21804A7000DF5AA9 /* NavigationController.swift */ = {isa = PBXFileReference; lastKnownFileType = sourcecode.swift; path = NavigationController.swift; sourceTree = "<group>"; };
		71BA28A321805AB700DF5AA9 /* MineController.swift */ = {isa = PBXFileReference; lastKnownFileType = sourcecode.swift; path = MineController.swift; sourceTree = "<group>"; };
		71DDD3D6212D31ED002FF09F /* Bill.app */ = {isa = PBXFileReference; explicitFileType = wrapper.application; includeInIndex = 0; path = Bill.app; sourceTree = BUILT_PRODUCTS_DIR; };
		71DDD3D9212D31ED002FF09F /* AppDelegate.swift */ = {isa = PBXFileReference; lastKnownFileType = sourcecode.swift; path = AppDelegate.swift; sourceTree = "<group>"; };
		71DDD3DB212D31ED002FF09F /* ViewController.swift */ = {isa = PBXFileReference; lastKnownFileType = sourcecode.swift; path = ViewController.swift; sourceTree = "<group>"; };
		71DDD3DE212D31ED002FF09F /* Base */ = {isa = PBXFileReference; lastKnownFileType = file.storyboard; name = Base; path = Base.lproj/Main.storyboard; sourceTree = "<group>"; };
		71DDD3E0212D31EE002FF09F /* Assets.xcassets */ = {isa = PBXFileReference; lastKnownFileType = folder.assetcatalog; path = Assets.xcassets; sourceTree = "<group>"; };
		71DDD3E3212D31EE002FF09F /* Base */ = {isa = PBXFileReference; lastKnownFileType = file.storyboard; name = Base; path = Base.lproj/LaunchScreen.storyboard; sourceTree = "<group>"; };
		71DDD3E5212D31EE002FF09F /* Info.plist */ = {isa = PBXFileReference; lastKnownFileType = text.plist.xml; path = Info.plist; sourceTree = "<group>"; };
		71DDD3EB212D3355002FF09F /* Cat.swift */ = {isa = PBXFileReference; lastKnownFileType = sourcecode.swift; path = Cat.swift; sourceTree = "<group>"; };
		71DDD3ED212D343B002FF09F /* DataTool.swift */ = {isa = PBXFileReference; fileEncoding = 4; lastKnownFileType = sourcecode.swift; path = DataTool.swift; sourceTree = "<group>"; };
		71DDD3F5212D4CAA002FF09F /* DetailController.swift */ = {isa = PBXFileReference; lastKnownFileType = sourcecode.swift; path = DetailController.swift; sourceTree = "<group>"; };
		71DDD3F7212D5384002FF09F /* Bill.swift */ = {isa = PBXFileReference; lastKnownFileType = sourcecode.swift; path = Bill.swift; sourceTree = "<group>"; };
		71DDD3F9212D5CA2002FF09F /* DetailCell.swift */ = {isa = PBXFileReference; lastKnownFileType = sourcecode.swift; path = DetailCell.swift; sourceTree = "<group>"; };
		71DDD3FA212D5CA2002FF09F /* DetailCell.xib */ = {isa = PBXFileReference; lastKnownFileType = file.xib; path = DetailCell.xib; sourceTree = "<group>"; };
		71DDD3FD212D6206002FF09F /* DetailHeader.swift */ = {isa = PBXFileReference; lastKnownFileType = sourcecode.swift; path = DetailHeader.swift; sourceTree = "<group>"; };
		71DDD3FF212D6210002FF09F /* DetailHeader.xib */ = {isa = PBXFileReference; lastKnownFileType = file.xib; path = DetailHeader.xib; sourceTree = "<group>"; };
		71DEFE56219139CD009D1D04 /* OpinionController.swift */ = {isa = PBXFileReference; lastKnownFileType = sourcecode.swift; path = OpinionController.swift; sourceTree = "<group>"; };
		71E97C6A2182DC1700F73BCF /* LoginController.swift */ = {isa = PBXFileReference; lastKnownFileType = sourcecode.swift; path = LoginController.swift; sourceTree = "<group>"; };
		71E97C6C2182E5CB00F73BCF /* RegisterController.swift */ = {isa = PBXFileReference; lastKnownFileType = sourcecode.swift; path = RegisterController.swift; sourceTree = "<group>"; };
		71F642AF212E47E000533FF0 /* SystemExtention.swift */ = {isa = PBXFileReference; lastKnownFileType = sourcecode.swift; path = SystemExtention.swift; sourceTree = "<group>"; };
		71F642B1212E495D00533FF0 /* DatePickView.swift */ = {isa = PBXFileReference; lastKnownFileType = sourcecode.swift; path = DatePickView.swift; sourceTree = "<group>"; };
		71F642B3212E496700533FF0 /* DatePickView.xib */ = {isa = PBXFileReference; lastKnownFileType = file.xib; path = DatePickView.xib; sourceTree = "<group>"; };
		71F642B5212E5BD500533FF0 /* SystemTool.swift */ = {isa = PBXFileReference; lastKnownFileType = sourcecode.swift; path = SystemTool.swift; sourceTree = "<group>"; };
		9B2F83492DE0CA91F822831E /* Pods-Bill.release.xcconfig */ = {isa = PBXFileReference; includeInIndex = 1; lastKnownFileType = text.xcconfig; name = "Pods-Bill.release.xcconfig"; path = "Pods/Target Support Files/Pods-Bill/Pods-Bill.release.xcconfig"; sourceTree = "<group>"; };
		A3C29A86497D77373B3F73DC /* Pods-Bill.debug.xcconfig */ = {isa = PBXFileReference; includeInIndex = 1; lastKnownFileType = text.xcconfig; name = "Pods-Bill.debug.xcconfig"; path = "Pods/Target Support Files/Pods-Bill/Pods-Bill.debug.xcconfig"; sourceTree = "<group>"; };
		E553AC66CB41C53CAE7C3614 /* Pods_Bill.framework */ = {isa = PBXFileReference; explicitFileType = wrapper.framework; includeInIndex = 0; path = Pods_Bill.framework; sourceTree = BUILT_PRODUCTS_DIR; };
/* End PBXFileReference section */

/* Begin PBXFrameworksBuildPhase section */
		71DDD3D3212D31ED002FF09F /* Frameworks */ = {
			isa = PBXFrameworksBuildPhase;
			buildActionMask = 2147483647;
			files = (
				FC36CC01111F4A7EBD3E4D5E /* Pods_Bill.framework in Frameworks */,
			);
			runOnlyForDeploymentPostprocessing = 0;
		};
/* End PBXFrameworksBuildPhase section */

/* Begin PBXGroup section */
		7110B12E2178758F00B7D525 /* 图表 */ = {
			isa = PBXGroup;
			children = (
				7110B12F2178758F00B7D525 /* M */,
				7110B1302178758F00B7D525 /* C */,
				7110B1312178758F00B7D525 /* V */,
			);
			path = "图表";
			sourceTree = "<group>";
		};
		7110B12F2178758F00B7D525 /* M */ = {
			isa = PBXGroup;
			children = (
				7110B13621787DA600B7D525 /* ChartGroup.swift */,
			);
			path = M;
			sourceTree = "<group>";
		};
		7110B1302178758F00B7D525 /* C */ = {
			isa = PBXGroup;
			children = (
				7110B132217876FE00B7D525 /* ChartController.swift */,
				71B8D2E32179D21B003B00E0 /* ChartMoreController.swift */,
				71BA289B21803CB800DF5AA9 /* PieViewController.swift */,
			);
			path = C;
			sourceTree = "<group>";
		};
		7110B1312178758F00B7D525 /* V */ = {
			isa = PBXGroup;
			children = (
				7110B1342178783300B7D525 /* ChartCell.swift */,
				71B8D2E52179D242003B00E0 /* ChartMoreCell.swift */,
			);
			path = V;
			sourceTree = "<group>";
		};
		71BA289F21805A5900DF5AA9 /* 我的 */ = {
			isa = PBXGroup;
			children = (
				71BA28A021805A5900DF5AA9 /* M */,
				71BA28A121805A5900DF5AA9 /* C */,
				71BA28A221805A5900DF5AA9 /* V */,
			);
			path = "我的";
			sourceTree = "<group>";
		};
		71BA28A021805A5900DF5AA9 /* M */ = {
			isa = PBXGroup;
			children = (
				7199275F218C36AF002AB897 /* SetModel.swift */,
			);
			path = M;
			sourceTree = "<group>";
		};
		71BA28A121805A5900DF5AA9 /* C */ = {
			isa = PBXGroup;
			children = (
				71BA28A321805AB700DF5AA9 /* MineController.swift */,
				7172B7922181BC8D007E6668 /* SkinController.swift */,
				71E97C6A2182DC1700F73BCF /* LoginController.swift */,
				71E97C6C2182E5CB00F73BCF /* RegisterController.swift */,
				719BFB00219031B8006EBAE3 /* AboutUsController.swift */,
				71DEFE56219139CD009D1D04 /* OpinionController.swift */,
			);
			path = C;
			sourceTree = "<group>";
		};
		71BA28A221805A5900DF5AA9 /* V */ = {
			isa = PBXGroup;
			children = (
				7172B7902181BC3F007E6668 /* SkinCell.swift */,
				7199275B218C3471002AB897 /* MineArrawCell.swift */,
				7199275D218C3488002AB897 /* MineSwithCell.swift */,
				719BFAFE219009CB006EBAE3 /* MineLogOutCell.swift */,
			);
			path = V;
			sourceTree = "<group>";
		};
		71DDD3CD212D31ED002FF09F = {
			isa = PBXGroup;
			children = (
				71DDD3D8212D31ED002FF09F /* Bill */,
				71DDD3D7212D31ED002FF09F /* Products */,
				77CC68CF8906754FE6B958A7 /* Pods */,
				BB21A974A6F693C73984C5A6 /* Frameworks */,
			);
			sourceTree = "<group>";
		};
		71DDD3D7212D31ED002FF09F /* Products */ = {
			isa = PBXGroup;
			children = (
				71DDD3D6212D31ED002FF09F /* Bill.app */,
			);
			name = Products;
			sourceTree = "<group>";
		};
		71DDD3D8212D31ED002FF09F /* Bill */ = {
			isa = PBXGroup;
			children = (
				71DDD3F0212D4C7F002FF09F /* Classes */,
				71DDD3ED212D343B002FF09F /* DataTool.swift */,
				71DDD3D9212D31ED002FF09F /* AppDelegate.swift */,
				71DDD3DB212D31ED002FF09F /* ViewController.swift */,
				71DDD3DD212D31ED002FF09F /* Main.storyboard */,
				71DDD3E0212D31EE002FF09F /* Assets.xcassets */,
				71DDD3E2212D31EE002FF09F /* LaunchScreen.storyboard */,
				71DDD3E5212D31EE002FF09F /* Info.plist */,
				71DDD3EB212D3355002FF09F /* Cat.swift */,
				71F642AF212E47E000533FF0 /* SystemExtention.swift */,
				719BBD6E217735B300A2096E /* OutModel.plist */,
				714B5593217839420005C2FE /* InModel.plist */,
			);
			path = Bill;
			sourceTree = "<group>";
		};
		71DDD3F0212D4C7F002FF09F /* Classes */ = {
			isa = PBXGroup;
			children = (
				71BA289F21805A5900DF5AA9 /* 我的 */,
				7110B12E2178758F00B7D525 /* 图表 */,
				71DDD3F1212D4C7F002FF09F /* 明细 */,
				71F642B5212E5BD500533FF0 /* SystemTool.swift */,
				714EDB7A217F120600D4B6EA /* AddButton.swift */,
				71BA28992180141200DF5AA9 /* SVTool.swift */,
				71BA289D21804A7000DF5AA9 /* NavigationController.swift */,
				7198D1FB21830D800025BE62 /* UserTool.swift */,
				7198D1FD21830E7A0025BE62 /* User.swift */,
				7187FCCC218AC82700E84F7F /* TabBarController.swift */,
			);
			path = Classes;
			sourceTree = "<group>";
		};
		71DDD3F1212D4C7F002FF09F /* 明细 */ = {
			isa = PBXGroup;
			children = (
				71DDD3F2212D4C7F002FF09F /* M */,
				71DDD3F3212D4C7F002FF09F /* C */,
				71DDD3F4212D4C7F002FF09F /* V */,
			);
			path = "明细";
			sourceTree = "<group>";
		};
		71DDD3F2212D4C7F002FF09F /* M */ = {
			isa = PBXGroup;
			children = (
				71DDD3F7212D5384002FF09F /* Bill.swift */,
				719BBD442176D0D200A2096E /* BillGroup.swift */,
				719BBD7021773A1D00A2096E /* CBModel.swift */,
			);
			path = M;
			sourceTree = "<group>";
		};
		71DDD3F3212D4C7F002FF09F /* C */ = {
			isa = PBXGroup;
			children = (
				71DDD3F5212D4CAA002FF09F /* DetailController.swift */,
				719BBD462176EA4100A2096E /* AddBillController.swift */,
			);
			path = C;
			sourceTree = "<group>";
		};
		71DDD3F4212D4C7F002FF09F /* V */ = {
			isa = PBXGroup;
			children = (
				71DDD3F9212D5CA2002FF09F /* DetailCell.swift */,
				71DDD3FA212D5CA2002FF09F /* DetailCell.xib */,
				71DDD3FD212D6206002FF09F /* DetailHeader.swift */,
				71DDD3FF212D6210002FF09F /* DetailHeader.xib */,
				71F642B1212E495D00533FF0 /* DatePickView.swift */,
				71F642B3212E496700533FF0 /* DatePickView.xib */,
				719BBD4821770D2B00A2096E /* CButton.swift */,
				719BBD4A21770D3700A2096E /* CButton.xib */,
				714B559521783C900005C2FE /* AddCountView.swift */,
				714B559721783C9A0005C2FE /* AddCountView.xib */,
			);
			path = V;
			sourceTree = "<group>";
		};
		77CC68CF8906754FE6B958A7 /* Pods */ = {
			isa = PBXGroup;
			children = (
				A3C29A86497D77373B3F73DC /* Pods-Bill.debug.xcconfig */,
				9B2F83492DE0CA91F822831E /* Pods-Bill.release.xcconfig */,
			);
			name = Pods;
			sourceTree = "<group>";
		};
		BB21A974A6F693C73984C5A6 /* Frameworks */ = {
			isa = PBXGroup;
			children = (
				E553AC66CB41C53CAE7C3614 /* Pods_Bill.framework */,
			);
			name = Frameworks;
			sourceTree = "<group>";
		};
/* End PBXGroup section */

/* Begin PBXNativeTarget section */
		71DDD3D5212D31ED002FF09F /* Bill */ = {
			isa = PBXNativeTarget;
			buildConfigurationList = 71DDD3E8212D31EE002FF09F /* Build configuration list for PBXNativeTarget "Bill" */;
			buildPhases = (
				E13A272BEB1A10D45D2E0BD1 /* [CP] Check Pods Manifest.lock */,
				71DDD3D2212D31ED002FF09F /* Sources */,
				71DDD3D3212D31ED002FF09F /* Frameworks */,
				71DDD3D4212D31ED002FF09F /* Resources */,
				A1C1D552B9C4FF8AEAD73876 /* [CP] Embed Pods Frameworks */,
			);
			buildRules = (
			);
			dependencies = (
			);
			name = Bill;
			productName = Bill;
			productReference = 71DDD3D6212D31ED002FF09F /* Bill.app */;
			productType = "com.apple.product-type.application";
		};
/* End PBXNativeTarget section */

/* Begin PBXProject section */
		71DDD3CE212D31ED002FF09F /* Project object */ = {
			isa = PBXProject;
			attributes = {
				LastSwiftUpdateCheck = 0940;
				LastUpgradeCheck = 0940;
				ORGANIZATIONNAME = fcn;
				TargetAttributes = {
					71DDD3D5212D31ED002FF09F = {
						CreatedOnToolsVersion = 9.4;
					};
				};
			};
			buildConfigurationList = 71DDD3D1212D31ED002FF09F /* Build configuration list for PBXProject "Bill" */;
			compatibilityVersion = "Xcode 9.3";
			developmentRegion = en;
			hasScannedForEncodings = 0;
			knownRegions = (
				en,
				Base,
			);
			mainGroup = 71DDD3CD212D31ED002FF09F;
			productRefGroup = 71DDD3D7212D31ED002FF09F /* Products */;
			projectDirPath = "";
			projectRoot = "";
			targets = (
				71DDD3D5212D31ED002FF09F /* Bill */,
			);
		};
/* End PBXProject section */

/* Begin PBXResourcesBuildPhase section */
		71DDD3D4212D31ED002FF09F /* Resources */ = {
			isa = PBXResourcesBuildPhase;
			buildActionMask = 2147483647;
			files = (
				714B5594217839420005C2FE /* InModel.plist in Resources */,
				71DDD400212D6210002FF09F /* DetailHeader.xib in Resources */,
				719BBD6F217735B300A2096E /* OutModel.plist in Resources */,
				71DDD3E4212D31EE002FF09F /* LaunchScreen.storyboard in Resources */,
				71DDD3E1212D31EE002FF09F /* Assets.xcassets in Resources */,
				71DDD3FC212D5CA2002FF09F /* DetailCell.xib in Resources */,
				714B559821783C9A0005C2FE /* AddCountView.xib in Resources */,
				719BBD4B21770D3700A2096E /* CButton.xib in Resources */,
				71DDD3DF212D31ED002FF09F /* Main.storyboard in Resources */,
				71F642B4212E496700533FF0 /* DatePickView.xib in Resources */,
			);
			runOnlyForDeploymentPostprocessing = 0;
		};
/* End PBXResourcesBuildPhase section */

/* Begin PBXShellScriptBuildPhase section */
		A1C1D552B9C4FF8AEAD73876 /* [CP] Embed Pods Frameworks */ = {
			isa = PBXShellScriptBuildPhase;
			buildActionMask = 2147483647;
			files = (
			);
			inputPaths = (
				"${SRCROOT}/Pods/Target Support Files/Pods-Bill/Pods-Bill-frameworks.sh",
				"${BUILT_PRODUCTS_DIR}/Alamofire/Alamofire.framework",
				"${BUILT_PRODUCTS_DIR}/Charts/Charts.framework",
				"${BUILT_PRODUCTS_DIR}/MJRefresh/MJRefresh.framework",
				"${BUILT_PRODUCTS_DIR}/Realm/Realm.framework",
				"${BUILT_PRODUCTS_DIR}/RealmSwift/RealmSwift.framework",
				"${BUILT_PRODUCTS_DIR}/SVProgressHUD/SVProgressHUD.framework",
				"${BUILT_PRODUCTS_DIR}/SnapKit/SnapKit.framework",
			);
			name = "[CP] Embed Pods Frameworks";
			outputPaths = (
				"${TARGET_BUILD_DIR}/${FRAMEWORKS_FOLDER_PATH}/Alamofire.framework",
				"${TARGET_BUILD_DIR}/${FRAMEWORKS_FOLDER_PATH}/Charts.framework",
				"${TARGET_BUILD_DIR}/${FRAMEWORKS_FOLDER_PATH}/MJRefresh.framework",
				"${TARGET_BUILD_DIR}/${FRAMEWORKS_FOLDER_PATH}/Realm.framework",
				"${TARGET_BUILD_DIR}/${FRAMEWORKS_FOLDER_PATH}/RealmSwift.framework",
				"${TARGET_BUILD_DIR}/${FRAMEWORKS_FOLDER_PATH}/SVProgressHUD.framework",
				"${TARGET_BUILD_DIR}/${FRAMEWORKS_FOLDER_PATH}/SnapKit.framework",
			);
			runOnlyForDeploymentPostprocessing = 0;
			shellPath = /bin/sh;
			shellScript = "\"${SRCROOT}/Pods/Target Support Files/Pods-Bill/Pods-Bill-frameworks.sh\"\n";
			showEnvVarsInLog = 0;
		};
		E13A272BEB1A10D45D2E0BD1 /* [CP] Check Pods Manifest.lock */ = {
			isa = PBXShellScriptBuildPhase;
			buildActionMask = 2147483647;
			files = (
			);
			inputPaths = (
				"${PODS_PODFILE_DIR_PATH}/Podfile.lock",
				"${PODS_ROOT}/Manifest.lock",
			);
			name = "[CP] Check Pods Manifest.lock";
			outputPaths = (
				"$(DERIVED_FILE_DIR)/Pods-Bill-checkManifestLockResult.txt",
			);
			runOnlyForDeploymentPostprocessing = 0;
			shellPath = /bin/sh;
			shellScript = "diff \"${PODS_PODFILE_DIR_PATH}/Podfile.lock\" \"${PODS_ROOT}/Manifest.lock\" > /dev/null\nif [ $? != 0 ] ; then\n    # print error to STDERR\n    echo \"error: The sandbox is not in sync with the Podfile.lock. Run 'pod install' or update your CocoaPods installation.\" >&2\n    exit 1\nfi\n# This output is used by Xcode 'outputs' to avoid re-running this script phase.\necho \"SUCCESS\" > \"${SCRIPT_OUTPUT_FILE_0}\"\n";
			showEnvVarsInLog = 0;
		};
/* End PBXShellScriptBuildPhase section */

/* Begin PBXSourcesBuildPhase section */
		71DDD3D2212D31ED002FF09F /* Sources */ = {
			isa = PBXSourcesBuildPhase;
			buildActionMask = 2147483647;
			files = (
				71DDD3DC212D31ED002FF09F /* ViewController.swift in Sources */,
				71DDD3FE212D6206002FF09F /* DetailHeader.swift in Sources */,
				7172B7912181BC3F007E6668 /* SkinCell.swift in Sources */,
				7110B13721787DA600B7D525 /* ChartGroup.swift in Sources */,
				7198D1FE21830E7A0025BE62 /* User.swift in Sources */,
				7172B7932181BC8D007E6668 /* SkinController.swift in Sources */,
				7199275C218C3471002AB897 /* MineArrawCell.swift in Sources */,
				71DEFE57219139CD009D1D04 /* OpinionController.swift in Sources */,
				7198D1FC21830D800025BE62 /* UserTool.swift in Sources */,
				71BA289A2180141200DF5AA9 /* SVTool.swift in Sources */,
				71DDD3EE212D343B002FF09F /* DataTool.swift in Sources */,
				7110B133217876FE00B7D525 /* ChartController.swift in Sources */,
				71B8D2E62179D242003B00E0 /* ChartMoreCell.swift in Sources */,
				71BA289E21804A7000DF5AA9 /* NavigationController.swift in Sources */,
				719BBD7121773A1D00A2096E /* CBModel.swift in Sources */,
				7199275E218C3488002AB897 /* MineSwithCell.swift in Sources */,
				71DDD3DA212D31ED002FF09F /* AppDelegate.swift in Sources */,
				71E97C6B2182DC1700F73BCF /* LoginController.swift in Sources */,
				71DDD3F6212D4CAA002FF09F /* DetailController.swift in Sources */,
				71F642B6212E5BD500533FF0 /* SystemTool.swift in Sources */,
				71B8D2E42179D21B003B00E0 /* ChartMoreController.swift in Sources */,
				719BBD452176D0D200A2096E /* BillGroup.swift in Sources */,
				71DDD3F8212D5384002FF09F /* Bill.swift in Sources */,
				719BBD472176EA4100A2096E /* AddBillController.swift in Sources */,
				719BFB01219031B8006EBAE3 /* AboutUsController.swift in Sources */,
				71BA289C21803CB800DF5AA9 /* PieViewController.swift in Sources */,
				71E97C6D2182E5CB00F73BCF /* RegisterController.swift in Sources */,
				714B559621783C900005C2FE /* AddCountView.swift in Sources */,
				7187FCCD218AC82700E84F7F /* TabBarController.swift in Sources */,
				7110B1352178783300B7D525 /* ChartCell.swift in Sources */,
				719BBD4921770D2B00A2096E /* CButton.swift in Sources */,
				714EDB7B217F120600D4B6EA /* AddButton.swift in Sources */,
				71F642B0212E47E000533FF0 /* SystemExtention.swift in Sources */,
				71BA28A421805AB700DF5AA9 /* MineController.swift in Sources */,
				71F642B2212E495D00533FF0 /* DatePickView.swift in Sources */,
				71DDD3FB212D5CA2002FF09F /* DetailCell.swift in Sources */,
				71992760218C36AF002AB897 /* SetModel.swift in Sources */,
				71DDD3EC212D3355002FF09F /* Cat.swift in Sources */,
				719BFAFF219009CB006EBAE3 /* MineLogOutCell.swift in Sources */,
			);
			runOnlyForDeploymentPostprocessing = 0;
		};
/* End PBXSourcesBuildPhase section */

/* Begin PBXVariantGroup section */
		71DDD3DD212D31ED002FF09F /* Main.storyboard */ = {
			isa = PBXVariantGroup;
			children = (
				71DDD3DE212D31ED002FF09F /* Base */,
			);
			name = Main.storyboard;
			sourceTree = "<group>";
		};
		71DDD3E2212D31EE002FF09F /* LaunchScreen.storyboard */ = {
			isa = PBXVariantGroup;
			children = (
				71DDD3E3212D31EE002FF09F /* Base */,
			);
			name = LaunchScreen.storyboard;
			sourceTree = "<group>";
		};
/* End PBXVariantGroup section */

/* Begin XCBuildConfiguration section */
		71DDD3E6212D31EE002FF09F /* Debug */ = {
			isa = XCBuildConfiguration;
			buildSettings = {
				ALWAYS_SEARCH_USER_PATHS = NO;
				CLANG_ANALYZER_NONNULL = YES;
				CLANG_ANALYZER_NUMBER_OBJECT_CONVERSION = YES_AGGRESSIVE;
				CLANG_CXX_LANGUAGE_STANDARD = "gnu++14";
				CLANG_CXX_LIBRARY = "libc++";
				CLANG_ENABLE_MODULES = YES;
				CLANG_ENABLE_OBJC_ARC = YES;
				CLANG_ENABLE_OBJC_WEAK = YES;
				CLANG_WARN_BLOCK_CAPTURE_AUTORELEASING = YES;
				CLANG_WARN_BOOL_CONVERSION = YES;
				CLANG_WARN_COMMA = YES;
				CLANG_WARN_CONSTANT_CONVERSION = YES;
				CLANG_WARN_DEPRECATED_OBJC_IMPLEMENTATIONS = YES;
				CLANG_WARN_DIRECT_OBJC_ISA_USAGE = YES_ERROR;
				CLANG_WARN_DOCUMENTATION_COMMENTS = YES;
				CLANG_WARN_EMPTY_BODY = YES;
				CLANG_WARN_ENUM_CONVERSION = YES;
				CLANG_WARN_INFINITE_RECURSION = YES;
				CLANG_WARN_INT_CONVERSION = YES;
				CLANG_WARN_NON_LITERAL_NULL_CONVERSION = YES;
				CLANG_WARN_OBJC_IMPLICIT_RETAIN_SELF = YES;
				CLANG_WARN_OBJC_LITERAL_CONVERSION = YES;
				CLANG_WARN_OBJC_ROOT_CLASS = YES_ERROR;
				CLANG_WARN_RANGE_LOOP_ANALYSIS = YES;
				CLANG_WARN_STRICT_PROTOTYPES = YES;
				CLANG_WARN_SUSPICIOUS_MOVE = YES;
				CLANG_WARN_UNGUARDED_AVAILABILITY = YES_AGGRESSIVE;
				CLANG_WARN_UNREACHABLE_CODE = YES;
				CLANG_WARN__DUPLICATE_METHOD_MATCH = YES;
				CODE_SIGN_IDENTITY = "iPhone Developer";
				COPY_PHASE_STRIP = NO;
				DEBUG_INFORMATION_FORMAT = dwarf;
				ENABLE_STRICT_OBJC_MSGSEND = YES;
				ENABLE_TESTABILITY = YES;
				GCC_C_LANGUAGE_STANDARD = gnu11;
				GCC_DYNAMIC_NO_PIC = NO;
				GCC_NO_COMMON_BLOCKS = YES;
				GCC_OPTIMIZATION_LEVEL = 0;
				GCC_PREPROCESSOR_DEFINITIONS = (
					"DEBUG=1",
					"$(inherited)",
				);
				GCC_WARN_64_TO_32_BIT_CONVERSION = YES;
				GCC_WARN_ABOUT_RETURN_TYPE = YES_ERROR;
				GCC_WARN_UNDECLARED_SELECTOR = YES;
				GCC_WARN_UNINITIALIZED_AUTOS = YES_AGGRESSIVE;
				GCC_WARN_UNUSED_FUNCTION = YES;
				GCC_WARN_UNUSED_VARIABLE = YES;
				IPHONEOS_DEPLOYMENT_TARGET = 11.4;
				MTL_ENABLE_DEBUG_INFO = YES;
				ONLY_ACTIVE_ARCH = YES;
				SDKROOT = iphoneos;
				SWIFT_ACTIVE_COMPILATION_CONDITIONS = DEBUG;
				SWIFT_OPTIMIZATION_LEVEL = "-Onone";
			};
			name = Debug;
		};
		71DDD3E7212D31EE002FF09F /* Release */ = {
			isa = XCBuildConfiguration;
			buildSettings = {
				ALWAYS_SEARCH_USER_PATHS = NO;
				CLANG_ANALYZER_NONNULL = YES;
				CLANG_ANALYZER_NUMBER_OBJECT_CONVERSION = YES_AGGRESSIVE;
				CLANG_CXX_LANGUAGE_STANDARD = "gnu++14";
				CLANG_CXX_LIBRARY = "libc++";
				CLANG_ENABLE_MODULES = YES;
				CLANG_ENABLE_OBJC_ARC = YES;
				CLANG_ENABLE_OBJC_WEAK = YES;
				CLANG_WARN_BLOCK_CAPTURE_AUTORELEASING = YES;
				CLANG_WARN_BOOL_CONVERSION = YES;
				CLANG_WARN_COMMA = YES;
				CLANG_WARN_CONSTANT_CONVERSION = YES;
				CLANG_WARN_DEPRECATED_OBJC_IMPLEMENTATIONS = YES;
				CLANG_WARN_DIRECT_OBJC_ISA_USAGE = YES_ERROR;
				CLANG_WARN_DOCUMENTATION_COMMENTS = YES;
				CLANG_WARN_EMPTY_BODY = YES;
				CLANG_WARN_ENUM_CONVERSION = YES;
				CLANG_WARN_INFINITE_RECURSION = YES;
				CLANG_WARN_INT_CONVERSION = YES;
				CLANG_WARN_NON_LITERAL_NULL_CONVERSION = YES;
				CLANG_WARN_OBJC_IMPLICIT_RETAIN_SELF = YES;
				CLANG_WARN_OBJC_LITERAL_CONVERSION = YES;
				CLANG_WARN_OBJC_ROOT_CLASS = YES_ERROR;
				CLANG_WARN_RANGE_LOOP_ANALYSIS = YES;
				CLANG_WARN_STRICT_PROTOTYPES = YES;
				CLANG_WARN_SUSPICIOUS_MOVE = YES;
				CLANG_WARN_UNGUARDED_AVAILABILITY = YES_AGGRESSIVE;
				CLANG_WARN_UNREACHABLE_CODE = YES;
				CLANG_WARN__DUPLICATE_METHOD_MATCH = YES;
				CODE_SIGN_IDENTITY = "iPhone Developer";
				COPY_PHASE_STRIP = NO;
				DEBUG_INFORMATION_FORMAT = "dwarf-with-dsym";
				ENABLE_NS_ASSERTIONS = NO;
				ENABLE_STRICT_OBJC_MSGSEND = YES;
				GCC_C_LANGUAGE_STANDARD = gnu11;
				GCC_NO_COMMON_BLOCKS = YES;
				GCC_WARN_64_TO_32_BIT_CONVERSION = YES;
				GCC_WARN_ABOUT_RETURN_TYPE = YES_ERROR;
				GCC_WARN_UNDECLARED_SELECTOR = YES;
				GCC_WARN_UNINITIALIZED_AUTOS = YES_AGGRESSIVE;
				GCC_WARN_UNUSED_FUNCTION = YES;
				GCC_WARN_UNUSED_VARIABLE = YES;
				IPHONEOS_DEPLOYMENT_TARGET = 11.4;
				MTL_ENABLE_DEBUG_INFO = NO;
				SDKROOT = iphoneos;
				SWIFT_COMPILATION_MODE = wholemodule;
				SWIFT_OPTIMIZATION_LEVEL = "-O";
				VALIDATE_PRODUCT = YES;
			};
			name = Release;
		};
		71DDD3E9212D31EE002FF09F /* Debug */ = {
			isa = XCBuildConfiguration;
			baseConfigurationReference = A3C29A86497D77373B3F73DC /* Pods-Bill.debug.xcconfig */;
			buildSettings = {
				ASSETCATALOG_COMPILER_APPICON_NAME = AppIcon;
				CODE_SIGN_STYLE = Automatic;
				DEVELOPMENT_TEAM = 2KDZC4V28N;
				INFOPLIST_FILE = Bill/Info.plist;
				IPHONEOS_DEPLOYMENT_TARGET = 8.0;
				LD_RUNPATH_SEARCH_PATHS = (
					"$(inherited)",
					"@executable_path/Frameworks",
				);
				PRODUCT_BUNDLE_IDENTIFIER = sdfsafdsasf.Bill;
				PRODUCT_NAME = "$(TARGET_NAME)";
				SWIFT_VERSION = 4.0;
				TARGETED_DEVICE_FAMILY = "1,2";
			};
			name = Debug;
		};
		71DDD3EA212D31EE002FF09F /* Release */ = {
			isa = XCBuildConfiguration;
			baseConfigurationReference = 9B2F83492DE0CA91F822831E /* Pods-Bill.release.xcconfig */;
			buildSettings = {
				ASSETCATALOG_COMPILER_APPICON_NAME = AppIcon;
				CODE_SIGN_STYLE = Automatic;
				DEVELOPMENT_TEAM = 2KDZC4V28N;
				INFOPLIST_FILE = Bill/Info.plist;
				IPHONEOS_DEPLOYMENT_TARGET = 8.0;
				LD_RUNPATH_SEARCH_PATHS = (
					"$(inherited)",
					"@executable_path/Frameworks",
				);
				PRODUCT_BUNDLE_IDENTIFIER = sdfsafdsasf.Bill;
				PRODUCT_NAME = "$(TARGET_NAME)";
				SWIFT_VERSION = 4.0;
				TARGETED_DEVICE_FAMILY = "1,2";
			};
			name = Release;
		};
/* End XCBuildConfiguration section */

/* Begin XCConfigurationList section */
		71DDD3D1212D31ED002FF09F /* Build configuration list for PBXProject "Bill" */ = {
			isa = XCConfigurationList;
			buildConfigurations = (
				71DDD3E6212D31EE002FF09F /* Debug */,
				71DDD3E7212D31EE002FF09F /* Release */,
			);
			defaultConfigurationIsVisible = 0;
			defaultConfigurationName = Release;
		};
		71DDD3E8212D31EE002FF09F /* Build configuration list for PBXNativeTarget "Bill" */ = {
			isa = XCConfigurationList;
			buildConfigurations = (
				71DDD3E9212D31EE002FF09F /* Debug */,
				71DDD3EA212D31EE002FF09F /* Release */,
			);
			defaultConfigurationIsVisible = 0;
			defaultConfigurationName = Release;
		};
/* End XCConfigurationList section */
	};
	rootObject = 71DDD3CE212D31ED002FF09F /* Project object */;
}
